
Microsoft Visual Studio Solution File, Format Version 12.00
# Visual Studio Version 17
VisualStudioVersion = 17.6.33815.320
MinimumVisualStudioVersion = 10.0.40219.1
Project("{FAE04EC0-301F-11D3-BF4B-00C04F79EFBC}") = "SmsTest", "SmsTest\SmsTest.csproj", "{5F03B360-626F-452C-9C0F-BF4D29842F1D}"
EndProject
Global
	GlobalSection(SolutionConfigurationPlatforms) = preSolution
		Debug|Any CPU = Debug|Any CPU
		Release|Any CPU = Release|Any CPU
	EndGlobalSection
	GlobalSection(ProjectConfigurationPlatforms) = postSolution
		{5F03B360-626F-452C-9C0F-BF4D29842F1D}.Debug|Any CPU.ActiveCfg = Debug|Any CPU
		{5F03B360-626F-452C-9C0F-BF4D29842F1D}.Debug|Any CPU.Build.0 = Debug|Any CPU
		{5F03B360-626F-452C-9C0F-BF4D29842F1D}.Release|Any CPU.ActiveCfg = Release|Any CPU
		{5F03B360-626F-452C-9C0F-BF4D29842F1D}.Release|Any CPU.Build.0 = Release|Any CPU
	EndGlobalSection
	GlobalSection(SolutionProperties) = preSolution
		HideSolutionNode = FALSE
	EndGlobalSection
	GlobalSection(ExtensibilityGlobals) = postSolution
		SolutionGuid = {79A54AF5-19A9-45DB-AA83-C963D2ECB037}
	EndGlobalSection
EndGlobal
